
Microsoft Visual Studio Solution File, Format Version 12.00
# Visual Studio Version 16
VisualStudioVersion = 16.0.30523.141
MinimumVisualStudioVersion = 10.0.40219.1
Project("{2150E333-8FDC-42A3-9474-1A3956D46DE8}") = "Infrastruktur", "Infrastruktur", "{0826B985-8935-44B2-9EB7-1C2E344C0DEA}"
EndProject
Project("{2150E333-8FDC-42A3-9474-1A3956D46DE8}") = "Logic", "Logic", "{896BB09F-FB91-4BE4-822A-F8AA96410687}"
EndProject
Project("{9A19103F-16F7-4668-BE54-9A1E7A4F7556}") = "WebRaid.Abstraction", "WebRaid.Abstraction\WebRaid.Abstraction.csproj", "{06365560-7A1C-4E8F-8619-38E1E4E58856}"
EndProject
Project("{9A19103F-16F7-4668-BE54-9A1E7A4F7556}") = "WebRaid.Node.GoogleDrive", "WebRaid.Node.GoogleDrive\WebRaid.Node.GoogleDrive.csproj", "{7516FC4D-3ED0-4EE1-BD85-6932B94918F3}"
	ProjectSection(ProjectDependencies) = postProject
		{06365560-7A1C-4E8F-8619-38E1E4E58856} = {06365560-7A1C-4E8F-8619-38E1E4E58856}
	EndProjectSection
EndProject
Project("{9A19103F-16F7-4668-BE54-9A1E7A4F7556}") = "WebRaid.Node.WebDe", "WebRaid.Node.WebDe\WebRaid.Node.WebDe.csproj", "{E93B1BD5-395F-42D6-8D3D-8C1C32622E17}"
	ProjectSection(ProjectDependencies) = postProject
		{06365560-7A1C-4E8F-8619-38E1E4E58856} = {06365560-7A1C-4E8F-8619-38E1E4E58856}
	EndProjectSection
EndProject
Project("{9A19103F-16F7-4668-BE54-9A1E7A4F7556}") = "WebRaid.Node.OneDrive", "WebRaid.Node.OneDrive\WebRaid.Node.OneDrive.csproj", "{31D8752F-B570-4F84-93FF-7884DA111B8F}"
	ProjectSection(ProjectDependencies) = postProject
		{06365560-7A1C-4E8F-8619-38E1E4E58856} = {06365560-7A1C-4E8F-8619-38E1E4E58856}
	EndProjectSection
EndProject
Project("{9A19103F-16F7-4668-BE54-9A1E7A4F7556}") = "WebRaid.UI", "WebRaid.UI\WebRaid.UI.csproj", "{BEECA82F-EEE8-4630-A8D6-F2E704A94C39}"
	ProjectSection(ProjectDependencies) = postProject
		{E93B1BD5-395F-42D6-8D3D-8C1C32622E17} = {E93B1BD5-395F-42D6-8D3D-8C1C32622E17}
	EndProjectSection
EndProject
Project("{9A19103F-16F7-4668-BE54-9A1E7A4F7556}") = "WebRaid.Node.Lokal", "WebRaid.Node.Lokal\WebRaid.Node.Lokal.csproj", "{962426B7-A1A4-4FFB-8155-16E642B5001A}"
EndProject
Project("{9A19103F-16F7-4668-BE54-9A1E7A4F7556}") = "WebRaid.Node.Lokal.Tests", "WebRaid.Node.Lokal.Tests\WebRaid.Node.Lokal.Tests.csproj", "{0611A1CB-C93E-4C55-8BE0-10B49FFBCEFC}"
EndProject
Project("{9A19103F-16F7-4668-BE54-9A1E7A4F7556}") = "WebRaid.Node.Memory", "WebRaid.Node.Memory\WebRaid.Node.Memory.csproj", "{A7557BEA-8A7B-4803-BB9A-2B2CFF938D48}"
EndProject
Project("{9A19103F-16F7-4668-BE54-9A1E7A4F7556}") = "WebRaid.Node.Memory.Tests", "WebRaid.Node.Memory.Tests\WebRaid.Node.Memory.Tests.csproj", "{1397F80E-D71F-4270-B371-D0878C3EE267}"
EndProject
Project("{2150E333-8FDC-42A3-9474-1A3956D46DE8}") = "Solution Items", "Solution Items", "{1C202ED8-34E7-41AD-8220-A3EE2E5A243F}"
	ProjectSection(SolutionItems) = preProject
		.gitignore = .gitignore
		Directory.Build.targets = Directory.Build.targets
		README.md = README.md
		WebRaid.sln.DotSettings = WebRaid.sln.DotSettings
	EndProjectSection
EndProject
Project("{9A19103F-16F7-4668-BE54-9A1E7A4F7556}") = "WebRaid.Abstraction.Tests", "WebRaid.Abstraction.Tests\WebRaid.Abstraction.Tests.csproj", "{84A23125-0E49-44E4-B258-3723C29AE3AF}"
EndProject
Project("{9A19103F-16F7-4668-BE54-9A1E7A4F7556}") = "Test.Extensions.Logging", "Test.Extensions.Logging\Test.Extensions.Logging.csproj", "{5C589D14-E429-4C3B-81E5-9FCC13D2E852}"
EndProject
Project("{FAE04EC0-301F-11D3-BF4B-00C04F79EFBC}") = "WebRaid.Node.Raid", "WebRaid.Node.Raid\WebRaid.Node.Raid.csproj", "{2373DDA2-D133-403E-B87F-51A1B934DFB2}"
EndProject
Project("{FAE04EC0-301F-11D3-BF4B-00C04F79EFBC}") = "WebRaid.Node.Raid.Tests", "WebRaid.Node.Raid.Tests\WebRaid.Node.Raid.Tests.csproj", "{06032275-CA36-4AE4-9FF2-6905C7F04112}"
EndProject
Project("{9A19103F-16F7-4668-BE54-9A1E7A4F7556}") = "WebRaid.VDS", "WebRaid.VDS\WebRaid.VDS.csproj", "{BB3F6A78-5844-4E80-8AEA-BD535C588A1E}"
EndProject
Project("{9A19103F-16F7-4668-BE54-9A1E7A4F7556}") = "WebRaid.VDS.Tests", "WebRaid.VDS.Tests\WebRaid.VDS.Tests.csproj", "{9D292AE8-2D36-4C4C-9C7B-F7BA0DD59E5C}"
EndProject
Project("{FAE04EC0-301F-11D3-BF4B-00C04F79EFBC}") = "WebRaid.Node.GoogleDrive.Tests", "WebRaid.Node.GoogleDrive.Tests\WebRaid.Node.GoogleDrive.Tests.csproj", "{2A00DC2B-6907-4A6A-A637-D11056BAFF19}"
EndProject
Project("{FAE04EC0-301F-11D3-BF4B-00C04F79EFBC}") = "WebRaid.Node.OneDrive.Tests", "WebRaid.Node.OneDrive.Tests\WebRaid.Node.OneDrive.Tests.csproj", "{F778BAA9-FD8C-46AD-8D17-5714BFB216FA}"
EndProject
Project("{FAE04EC0-301F-11D3-BF4B-00C04F79EFBC}") = "WebRaid.Node.WebDe.Tests", "WebRaid.Node.WebDe.Tests\WebRaid.Node.WebDe.Tests.csproj", "{25B7875D-61F8-44B9-94DF-EC446941B1F4}"
EndProject
Project("{FAE04EC0-301F-11D3-BF4B-00C04F79EFBC}") = "WebRaid.Node.WebDav", "WebRaid.Node.WebDav\WebRaid.Node.WebDav.csproj", "{0575A58A-3BFD-4770-A2AD-EA1DB7D06B63}"
EndProject
Project("{FAE04EC0-301F-11D3-BF4B-00C04F79EFBC}") = "WebRaid.Node.WebDav.Tests", "WebRaid.Node.WebDav.Tests\WebRaid.Node.WebDav.Tests.csproj", "{F4237DD2-BC59-466F-AD7C-471D513B3152}"
EndProject
Global
	GlobalSection(SolutionConfigurationPlatforms) = preSolution
		Debug|Any CPU = Debug|Any CPU
		Release|Any CPU = Release|Any CPU
	EndGlobalSection
	GlobalSection(ProjectConfigurationPlatforms) = postSolution
		{06365560-7A1C-4E8F-8619-38E1E4E58856}.Debug|Any CPU.ActiveCfg = Debug|Any CPU
		{06365560-7A1C-4E8F-8619-38E1E4E58856}.Debug|Any CPU.Build.0 = Debug|Any CPU
		{06365560-7A1C-4E8F-8619-38E1E4E58856}.Release|Any CPU.ActiveCfg = Release|Any CPU
		{06365560-7A1C-4E8F-8619-38E1E4E58856}.Release|Any CPU.Build.0 = Release|Any CPU
		{7516FC4D-3ED0-4EE1-BD85-6932B94918F3}.Debug|Any CPU.ActiveCfg = Debug|Any CPU
		{7516FC4D-3ED0-4EE1-BD85-6932B94918F3}.Debug|Any CPU.Build.0 = Debug|Any CPU
		{7516FC4D-3ED0-4EE1-BD85-6932B94918F3}.Release|Any CPU.ActiveCfg = Release|Any CPU
		{7516FC4D-3ED0-4EE1-BD85-6932B94918F3}.Release|Any CPU.Build.0 = Release|Any CPU
		{E93B1BD5-395F-42D6-8D3D-8C1C32622E17}.Debug|Any CPU.ActiveCfg = Debug|Any CPU
		{E93B1BD5-395F-42D6-8D3D-8C1C32622E17}.Debug|Any CPU.Build.0 = Debug|Any CPU
		{E93B1BD5-395F-42D6-8D3D-8C1C32622E17}.Release|Any CPU.ActiveCfg = Release|Any CPU
		{E93B1BD5-395F-42D6-8D3D-8C1C32622E17}.Release|Any CPU.Build.0 = Release|Any CPU
		{31D8752F-B570-4F84-93FF-7884DA111B8F}.Debug|Any CPU.ActiveCfg = Debug|Any CPU
		{31D8752F-B570-4F84-93FF-7884DA111B8F}.Debug|Any CPU.Build.0 = Debug|Any CPU
		{31D8752F-B570-4F84-93FF-7884DA111B8F}.Release|Any CPU.ActiveCfg = Release|Any CPU
		{31D8752F-B570-4F84-93FF-7884DA111B8F}.Release|Any CPU.Build.0 = Release|Any CPU
		{BEECA82F-EEE8-4630-A8D6-F2E704A94C39}.Debug|Any CPU.ActiveCfg = Debug|Any CPU
		{BEECA82F-EEE8-4630-A8D6-F2E704A94C39}.Debug|Any CPU.Build.0 = Debug|Any CPU
		{BEECA82F-EEE8-4630-A8D6-F2E704A94C39}.Release|Any CPU.ActiveCfg = Release|Any CPU
		{BEECA82F-EEE8-4630-A8D6-F2E704A94C39}.Release|Any CPU.Build.0 = Release|Any CPU
		{962426B7-A1A4-4FFB-8155-16E642B5001A}.Debug|Any CPU.ActiveCfg = Debug|Any CPU
		{962426B7-A1A4-4FFB-8155-16E642B5001A}.Debug|Any CPU.Build.0 = Debug|Any CPU
		{962426B7-A1A4-4FFB-8155-16E642B5001A}.Release|Any CPU.ActiveCfg = Release|Any CPU
		{962426B7-A1A4-4FFB-8155-16E642B5001A}.Release|Any CPU.Build.0 = Release|Any CPU
		{0611A1CB-C93E-4C55-8BE0-10B49FFBCEFC}.Debug|Any CPU.ActiveCfg = Debug|Any CPU
		{0611A1CB-C93E-4C55-8BE0-10B49FFBCEFC}.Debug|Any CPU.Build.0 = Debug|Any CPU
		{0611A1CB-C93E-4C55-8BE0-10B49FFBCEFC}.Release|Any CPU.ActiveCfg = Release|Any CPU
		{0611A1CB-C93E-4C55-8BE0-10B49FFBCEFC}.Release|Any CPU.Build.0 = Release|Any CPU
		{A7557BEA-8A7B-4803-BB9A-2B2CFF938D48}.Debug|Any CPU.ActiveCfg = Debug|Any CPU
		{A7557BEA-8A7B-4803-BB9A-2B2CFF938D48}.Debug|Any CPU.Build.0 = Debug|Any CPU
		{A7557BEA-8A7B-4803-BB9A-2B2CFF938D48}.Release|Any CPU.ActiveCfg = Release|Any CPU
		{A7557BEA-8A7B-4803-BB9A-2B2CFF938D48}.Release|Any CPU.Build.0 = Release|Any CPU
		{1397F80E-D71F-4270-B371-D0878C3EE267}.Debug|Any CPU.ActiveCfg = Debug|Any CPU
		{1397F80E-D71F-4270-B371-D0878C3EE267}.Debug|Any CPU.Build.0 = Debug|Any CPU
		{1397F80E-D71F-4270-B371-D0878C3EE267}.Release|Any CPU.ActiveCfg = Release|Any CPU
		{1397F80E-D71F-4270-B371-D0878C3EE267}.Release|Any CPU.Build.0 = Release|Any CPU
		{84A23125-0E49-44E4-B258-3723C29AE3AF}.Debug|Any CPU.ActiveCfg = Debug|Any CPU
		{84A23125-0E49-44E4-B258-3723C29AE3AF}.Debug|Any CPU.Build.0 = Debug|Any CPU
		{84A23125-0E49-44E4-B258-3723C29AE3AF}.Release|Any CPU.ActiveCfg = Release|Any CPU
		{84A23125-0E49-44E4-B258-3723C29AE3AF}.Release|Any CPU.Build.0 = Release|Any CPU
		{5C589D14-E429-4C3B-81E5-9FCC13D2E852}.Debug|Any CPU.ActiveCfg = Debug|Any CPU
		{5C589D14-E429-4C3B-81E5-9FCC13D2E852}.Debug|Any CPU.Build.0 = Debug|Any CPU
		{5C589D14-E429-4C3B-81E5-9FCC13D2E852}.Release|Any CPU.ActiveCfg = Release|Any CPU
		{5C589D14-E429-4C3B-81E5-9FCC13D2E852}.Release|Any CPU.Build.0 = Release|Any CPU
		{2373DDA2-D133-403E-B87F-51A1B934DFB2}.Debug|Any CPU.ActiveCfg = Debug|Any CPU
		{2373DDA2-D133-403E-B87F-51A1B934DFB2}.Debug|Any CPU.Build.0 = Debug|Any CPU
		{2373DDA2-D133-403E-B87F-51A1B934DFB2}.Release|Any CPU.ActiveCfg = Release|Any CPU
		{2373DDA2-D133-403E-B87F-51A1B934DFB2}.Release|Any CPU.Build.0 = Release|Any CPU
		{06032275-CA36-4AE4-9FF2-6905C7F04112}.Debug|Any CPU.ActiveCfg = Debug|Any CPU
		{06032275-CA36-4AE4-9FF2-6905C7F04112}.Debug|Any CPU.Build.0 = Debug|Any CPU
		{06032275-CA36-4AE4-9FF2-6905C7F04112}.Release|Any CPU.ActiveCfg = Release|Any CPU
		{06032275-CA36-4AE4-9FF2-6905C7F04112}.Release|Any CPU.Build.0 = Release|Any CPU
		{BB3F6A78-5844-4E80-8AEA-BD535C588A1E}.Debug|Any CPU.ActiveCfg = Debug|Any CPU
		{BB3F6A78-5844-4E80-8AEA-BD535C588A1E}.Debug|Any CPU.Build.0 = Debug|Any CPU
		{BB3F6A78-5844-4E80-8AEA-BD535C588A1E}.Release|Any CPU.ActiveCfg = Release|Any CPU
		{BB3F6A78-5844-4E80-8AEA-BD535C588A1E}.Release|Any CPU.Build.0 = Release|Any CPU
		{9D292AE8-2D36-4C4C-9C7B-F7BA0DD59E5C}.Debug|Any CPU.ActiveCfg = Debug|Any CPU
		{9D292AE8-2D36-4C4C-9C7B-F7BA0DD59E5C}.Debug|Any CPU.Build.0 = Debug|Any CPU
		{9D292AE8-2D36-4C4C-9C7B-F7BA0DD59E5C}.Release|Any CPU.ActiveCfg = Release|Any CPU
		{9D292AE8-2D36-4C4C-9C7B-F7BA0DD59E5C}.Release|Any CPU.Build.0 = Release|Any CPU
		{2A00DC2B-6907-4A6A-A637-D11056BAFF19}.Debug|Any CPU.ActiveCfg = Debug|Any CPU
		{2A00DC2B-6907-4A6A-A637-D11056BAFF19}.Debug|Any CPU.Build.0 = Debug|Any CPU
		{2A00DC2B-6907-4A6A-A637-D11056BAFF19}.Release|Any CPU.ActiveCfg = Release|Any CPU
		{2A00DC2B-6907-4A6A-A637-D11056BAFF19}.Release|Any CPU.Build.0 = Release|Any CPU
		{F778BAA9-FD8C-46AD-8D17-5714BFB216FA}.Debug|Any CPU.ActiveCfg = Debug|Any CPU
		{F778BAA9-FD8C-46AD-8D17-5714BFB216FA}.Debug|Any CPU.Build.0 = Debug|Any CPU
		{F778BAA9-FD8C-46AD-8D17-5714BFB216FA}.Release|Any CPU.ActiveCfg = Release|Any CPU
		{F778BAA9-FD8C-46AD-8D17-5714BFB216FA}.Release|Any CPU.Build.0 = Release|Any CPU
		{25B7875D-61F8-44B9-94DF-EC446941B1F4}.Debug|Any CPU.ActiveCfg = Debug|Any CPU
		{25B7875D-61F8-44B9-94DF-EC446941B1F4}.Debug|Any CPU.Build.0 = Debug|Any CPU
		{25B7875D-61F8-44B9-94DF-EC446941B1F4}.Release|Any CPU.ActiveCfg = Release|Any CPU
		{25B7875D-61F8-44B9-94DF-EC446941B1F4}.Release|Any CPU.Build.0 = Release|Any CPU
		{0575A58A-3BFD-4770-A2AD-EA1DB7D06B63}.Debug|Any CPU.ActiveCfg = Debug|Any CPU
		{0575A58A-3BFD-4770-A2AD-EA1DB7D06B63}.Debug|Any CPU.Build.0 = Debug|Any CPU
		{0575A58A-3BFD-4770-A2AD-EA1DB7D06B63}.Release|Any CPU.ActiveCfg = Release|Any CPU
		{0575A58A-3BFD-4770-A2AD-EA1DB7D06B63}.Release|Any CPU.Build.0 = Release|Any CPU
		{F4237DD2-BC59-466F-AD7C-471D513B3152}.Debug|Any CPU.ActiveCfg = Debug|Any CPU
		{F4237DD2-BC59-466F-AD7C-471D513B3152}.Debug|Any CPU.Build.0 = Debug|Any CPU
		{F4237DD2-BC59-466F-AD7C-471D513B3152}.Release|Any CPU.ActiveCfg = Release|Any CPU
		{F4237DD2-BC59-466F-AD7C-471D513B3152}.Release|Any CPU.Build.0 = Release|Any CPU
	EndGlobalSection
	GlobalSection(SolutionProperties) = preSolution
		HideSolutionNode = FALSE
	EndGlobalSection
	GlobalSection(NestedProjects) = preSolution
		{06365560-7A1C-4E8F-8619-38E1E4E58856} = {896BB09F-FB91-4BE4-822A-F8AA96410687}
		{7516FC4D-3ED0-4EE1-BD85-6932B94918F3} = {0826B985-8935-44B2-9EB7-1C2E344C0DEA}
		{E93B1BD5-395F-42D6-8D3D-8C1C32622E17} = {0826B985-8935-44B2-9EB7-1C2E344C0DEA}
		{31D8752F-B570-4F84-93FF-7884DA111B8F} = {0826B985-8935-44B2-9EB7-1C2E344C0DEA}
		{962426B7-A1A4-4FFB-8155-16E642B5001A} = {0826B985-8935-44B2-9EB7-1C2E344C0DEA}
		{0611A1CB-C93E-4C55-8BE0-10B49FFBCEFC} = {0826B985-8935-44B2-9EB7-1C2E344C0DEA}
		{A7557BEA-8A7B-4803-BB9A-2B2CFF938D48} = {0826B985-8935-44B2-9EB7-1C2E344C0DEA}
		{1397F80E-D71F-4270-B371-D0878C3EE267} = {0826B985-8935-44B2-9EB7-1C2E344C0DEA}
		{84A23125-0E49-44E4-B258-3723C29AE3AF} = {896BB09F-FB91-4BE4-822A-F8AA96410687}
		{5C589D14-E429-4C3B-81E5-9FCC13D2E852} = {1C202ED8-34E7-41AD-8220-A3EE2E5A243F}
		{2373DDA2-D133-403E-B87F-51A1B934DFB2} = {896BB09F-FB91-4BE4-822A-F8AA96410687}
		{06032275-CA36-4AE4-9FF2-6905C7F04112} = {896BB09F-FB91-4BE4-822A-F8AA96410687}
		{BB3F6A78-5844-4E80-8AEA-BD535C588A1E} = {896BB09F-FB91-4BE4-822A-F8AA96410687}
		{9D292AE8-2D36-4C4C-9C7B-F7BA0DD59E5C} = {896BB09F-FB91-4BE4-822A-F8AA96410687}
		{2A00DC2B-6907-4A6A-A637-D11056BAFF19} = {0826B985-8935-44B2-9EB7-1C2E344C0DEA}
		{F778BAA9-FD8C-46AD-8D17-5714BFB216FA} = {0826B985-8935-44B2-9EB7-1C2E344C0DEA}
		{25B7875D-61F8-44B9-94DF-EC446941B1F4} = {0826B985-8935-44B2-9EB7-1C2E344C0DEA}
		{0575A58A-3BFD-4770-A2AD-EA1DB7D06B63} = {0826B985-8935-44B2-9EB7-1C2E344C0DEA}
		{F4237DD2-BC59-466F-AD7C-471D513B3152} = {0826B985-8935-44B2-9EB7-1C2E344C0DEA}
	EndGlobalSection
	GlobalSection(ExtensibilityGlobals) = postSolution
		SolutionGuid = {E51E0597-C0FE-488A-BFA9-9DFC5559A34D}
	EndGlobalSection
EndGlobal
